// !$*UTF8*$!
{
	archiveVersion = 1;
	classes = {
	};
	objectVersion = 48;
	objects = {

/* Begin PBXBuildFile section */
		3D7FA40B1FA8CADE00284D55 /* Constants.m in Sources */ = {isa = PBXBuildFile; fileRef = 3D7FA40A1FA8CADE00284D55 /* Constants.m */; };
		3D7FA4111FA8CC8900284D55 /* LocationDetailView.m in Sources */ = {isa = PBXBuildFile; fileRef = 3D7FA4101FA8CC8900284D55 /* LocationDetailView.m */; };
		3D7FA4131FA8CCA500284D55 /* LocationDetailView.xib in Resources */ = {isa = PBXBuildFile; fileRef = 3D7FA4121FA8CCA500284D55 /* LocationDetailView.xib */; };
		3D7FA4161FA8CEC200284D55 /* UIView+Frame.m in Sources */ = {isa = PBXBuildFile; fileRef = 3D7FA4151FA8CEC200284D55 /* UIView+Frame.m */; };
		3DBFD7561FAA32A20001DC04 /* DiscoverTableViewController.m in Sources */ = {isa = PBXBuildFile; fileRef = 3DBFD7551FAA32A20001DC04 /* DiscoverTableViewController.m */; };
		3DBFD7591FAA32AD0001DC04 /* ProfileTableViewController.m in Sources */ = {isa = PBXBuildFile; fileRef = 3DBFD7581FAA32AD0001DC04 /* ProfileTableViewController.m */; };
		3DBFD75D1FAB56E30001DC04 /* SearchMainViewController.m in Sources */ = {isa = PBXBuildFile; fileRef = 3DBFD75B1FAB56E30001DC04 /* SearchMainViewController.m */; };
		3DBFD75E1FAB56E30001DC04 /* SearchMainViewController.xib in Resources */ = {isa = PBXBuildFile; fileRef = 3DBFD75C1FAB56E30001DC04 /* SearchMainViewController.xib */; };
		3DBFD7611FAB5DC00001DC04 /* FilterTableViewController.m in Sources */ = {isa = PBXBuildFile; fileRef = 3DBFD7601FAB5DC00001DC04 /* FilterTableViewController.m */; };
		3DBFD7631FAB5DCF0001DC04 /* FilterTableViewController.storyboard in Resources */ = {isa = PBXBuildFile; fileRef = 3DBFD7621FAB5DCF0001DC04 /* FilterTableViewController.storyboard */; };
		3DBFD7671FAB67180001DC04 /* ListTableViewCell.m in Sources */ = {isa = PBXBuildFile; fileRef = 3DBFD7651FAB67180001DC04 /* ListTableViewCell.m */; };
		3DBFD7681FAB67180001DC04 /* ListTableViewCell.xib in Resources */ = {isa = PBXBuildFile; fileRef = 3DBFD7661FAB67180001DC04 /* ListTableViewCell.xib */; };
		3DBFD76D1FAB8E3E0001DC04 /* TraditionalTableViewController.m in Sources */ = {isa = PBXBuildFile; fileRef = 3DBFD76C1FAB8E3D0001DC04 /* TraditionalTableViewController.m */; };
		3DBFD7701FAB8E460001DC04 /* ActTableViewController.m in Sources */ = {isa = PBXBuildFile; fileRef = 3DBFD76F1FAB8E460001DC04 /* ActTableViewController.m */; };
		3DBFD7731FAB8E4E0001DC04 /* CouponTableViewController.m in Sources */ = {isa = PBXBuildFile; fileRef = 3DBFD7721FAB8E4E0001DC04 /* CouponTableViewController.m */; };
		3DBFD77D1FAB90E70001DC04 /* CCTabView.h in Sources */ = {isa = PBXBuildFile; fileRef = 3DBFD7751FAB8EA30001DC04 /* CCTabView.h */; };
		3DBFD77E1FAB90E70001DC04 /* CCTabView.m in Sources */ = {isa = PBXBuildFile; fileRef = 3DBFD7761FAB8EA30001DC04 /* CCTabView.m */; };
		3DBFD77F1FAB90E70001DC04 /* CCTopTabCollectionViewCell.h in Sources */ = {isa = PBXBuildFile; fileRef = 3DBFD7771FAB8EA30001DC04 /* CCTopTabCollectionViewCell.h */; };
		3DBFD7801FAB90E70001DC04 /* CCTopTabCollectionViewCell.m in Sources */ = {isa = PBXBuildFile; fileRef = 3DBFD7781FAB8EA30001DC04 /* CCTopTabCollectionViewCell.m */; };
		3DBFD7811FAB90E70001DC04 /* CCTopTabViewController.h in Sources */ = {isa = PBXBuildFile; fileRef = 3DBFD7791FAB8EA30001DC04 /* CCTopTabViewController.h */; };
		3DBFD7821FAB90E70001DC04 /* CCTopTabViewController.m in Sources */ = {isa = PBXBuildFile; fileRef = 3DBFD77A1FAB8EA30001DC04 /* CCTopTabViewController.m */; };
		3DBFD7831FAB90E70001DC04 /* UIViewController+Property.h in Sources */ = {isa = PBXBuildFile; fileRef = 3DBFD77C1FAB906D0001DC04 /* UIViewController+Property.h */; };
		3DBFD7841FAB90E70001DC04 /* UIViewController+Property.m in Sources */ = {isa = PBXBuildFile; fileRef = 3DBFD77B1FAB906D0001DC04 /* UIViewController+Property.m */; };
		3DBFD7871FAB94200001DC04 /* TaskBaseTableViewController.m in Sources */ = {isa = PBXBuildFile; fileRef = 3DBFD7861FAB94200001DC04 /* TaskBaseTableViewController.m */; };
		52AFBACB1FAA0083000D2100 /* MessageViewController.m in Sources */ = {isa = PBXBuildFile; fileRef = 52AFBACA1FAA0082000D2100 /* MessageViewController.m */; };
		52E2AB861FA8890C00AECD4F /* AppDelegate.m in Sources */ = {isa = PBXBuildFile; fileRef = 52E2AB851FA8890C00AECD4F /* AppDelegate.m */; };
		52E2AB891FA8890C00AECD4F /* ViewController.m in Sources */ = {isa = PBXBuildFile; fileRef = 52E2AB881FA8890C00AECD4F /* ViewController.m */; };
		52E2AB8C1FA8890C00AECD4F /* Main.storyboard in Resources */ = {isa = PBXBuildFile; fileRef = 52E2AB8A1FA8890C00AECD4F /* Main.storyboard */; };
		52E2AB8E1FA8890C00AECD4F /* Assets.xcassets in Resources */ = {isa = PBXBuildFile; fileRef = 52E2AB8D1FA8890C00AECD4F /* Assets.xcassets */; };
		52E2AB911FA8890C00AECD4F /* LaunchScreen.storyboard in Resources */ = {isa = PBXBuildFile; fileRef = 52E2AB8F1FA8890C00AECD4F /* LaunchScreen.storyboard */; };
		52E2AB941FA8890C00AECD4F /* main.m in Sources */ = {isa = PBXBuildFile; fileRef = 52E2AB931FA8890C00AECD4F /* main.m */; };
		52E2AB9C1FA8958200AECD4F /* GeneticNavViewController.m in Sources */ = {isa = PBXBuildFile; fileRef = 52E2AB9B1FA8958200AECD4F /* GeneticNavViewController.m */; };
		52E2ABA41FA8B26C00AECD4F /* LocationInfoModel.m in Sources */ = {isa = PBXBuildFile; fileRef = 52E2ABA31FA8B26C00AECD4F /* LocationInfoModel.m */; };
		52E2ABAD1FA8B87800AECD4F /* LocationDetailTableViewCell.m in Sources */ = {isa = PBXBuildFile; fileRef = 52E2ABAB1FA8B87800AECD4F /* LocationDetailTableViewCell.m */; };
		52E2ABAE1FA8B87800AECD4F /* LocationDetailTableViewCell.xib in Resources */ = {isa = PBXBuildFile; fileRef = 52E2ABAC1FA8B87800AECD4F /* LocationDetailTableViewCell.xib */; };
		52E2ABB21FA8B95300AECD4F /* LocationDescriptionTableViewCell.m in Sources */ = {isa = PBXBuildFile; fileRef = 52E2ABB01FA8B95300AECD4F /* LocationDescriptionTableViewCell.m */; };
		52E2ABB31FA8B95300AECD4F /* LocationDescriptionTableViewCell.xib in Resources */ = {isa = PBXBuildFile; fileRef = 52E2ABB11FA8B95300AECD4F /* LocationDescriptionTableViewCell.xib */; };
		52E2ABB71FA8B9BA00AECD4F /* LocationPosterTableViewCell.m in Sources */ = {isa = PBXBuildFile; fileRef = 52E2ABB51FA8B9BA00AECD4F /* LocationPosterTableViewCell.m */; };
		52E2ABB81FA8B9BA00AECD4F /* LocationPosterTableViewCell.xib in Resources */ = {isa = PBXBuildFile; fileRef = 52E2ABB61FA8B9BA00AECD4F /* LocationPosterTableViewCell.xib */; };
		ABF09240650398D4AD571581 /* libPods-geoSearching.a in Frameworks */ = {isa = PBXBuildFile; fileRef = DCC86FC9040F07206ABAC730 /* libPods-geoSearching.a */; };
/* End PBXBuildFile section */

/* Begin PBXFileReference section */
		0C7FDF871B0B7CC9B21EDF56 /* Pods-geoSearching.debug.xcconfig */ = {isa = PBXFileReference; includeInIndex = 1; lastKnownFileType = text.xcconfig; name = "Pods-geoSearching.debug.xcconfig"; path = "Pods/Target Support Files/Pods-geoSearching/Pods-geoSearching.debug.xcconfig"; sourceTree = "<group>"; };
		3D7FA4091FA8CADE00284D55 /* Constants.h */ = {isa = PBXFileReference; lastKnownFileType = sourcecode.c.h; path = Constants.h; sourceTree = "<group>"; };
		3D7FA40A1FA8CADE00284D55 /* Constants.m */ = {isa = PBXFileReference; lastKnownFileType = sourcecode.c.objc; path = Constants.m; sourceTree = "<group>"; };
		3D7FA40F1FA8CC8900284D55 /* LocationDetailView.h */ = {isa = PBXFileReference; lastKnownFileType = sourcecode.c.h; path = LocationDetailView.h; sourceTree = "<group>"; };
		3D7FA4101FA8CC8900284D55 /* LocationDetailView.m */ = {isa = PBXFileReference; lastKnownFileType = sourcecode.c.objc; path = LocationDetailView.m; sourceTree = "<group>"; };
		3D7FA4121FA8CCA500284D55 /* LocationDetailView.xib */ = {isa = PBXFileReference; lastKnownFileType = file.xib; path = LocationDetailView.xib; sourceTree = "<group>"; };
		3D7FA4141FA8CEC200284D55 /* UIView+Frame.h */ = {isa = PBXFileReference; lastKnownFileType = sourcecode.c.h; path = "UIView+Frame.h"; sourceTree = "<group>"; };
		3D7FA4151FA8CEC200284D55 /* UIView+Frame.m */ = {isa = PBXFileReference; lastKnownFileType = sourcecode.c.objc; path = "UIView+Frame.m"; sourceTree = "<group>"; };
		3DBFD7541FAA32A20001DC04 /* DiscoverTableViewController.h */ = {isa = PBXFileReference; lastKnownFileType = sourcecode.c.h; path = DiscoverTableViewController.h; sourceTree = "<group>"; };
		3DBFD7551FAA32A20001DC04 /* DiscoverTableViewController.m */ = {isa = PBXFileReference; lastKnownFileType = sourcecode.c.objc; path = DiscoverTableViewController.m; sourceTree = "<group>"; };
		3DBFD7571FAA32AD0001DC04 /* ProfileTableViewController.h */ = {isa = PBXFileReference; lastKnownFileType = sourcecode.c.h; path = ProfileTableViewController.h; sourceTree = "<group>"; };
		3DBFD7581FAA32AD0001DC04 /* ProfileTableViewController.m */ = {isa = PBXFileReference; lastKnownFileType = sourcecode.c.objc; path = ProfileTableViewController.m; sourceTree = "<group>"; };
		3DBFD75A1FAB56E30001DC04 /* SearchMainViewController.h */ = {isa = PBXFileReference; lastKnownFileType = sourcecode.c.h; path = SearchMainViewController.h; sourceTree = "<group>"; };
		3DBFD75B1FAB56E30001DC04 /* SearchMainViewController.m */ = {isa = PBXFileReference; lastKnownFileType = sourcecode.c.objc; path = SearchMainViewController.m; sourceTree = "<group>"; };
		3DBFD75C1FAB56E30001DC04 /* SearchMainViewController.xib */ = {isa = PBXFileReference; lastKnownFileType = file.xib; path = SearchMainViewController.xib; sourceTree = "<group>"; };
		3DBFD75F1FAB5DC00001DC04 /* FilterTableViewController.h */ = {isa = PBXFileReference; lastKnownFileType = sourcecode.c.h; path = FilterTableViewController.h; sourceTree = "<group>"; };
		3DBFD7601FAB5DC00001DC04 /* FilterTableViewController.m */ = {isa = PBXFileReference; lastKnownFileType = sourcecode.c.objc; path = FilterTableViewController.m; sourceTree = "<group>"; };
		3DBFD7621FAB5DCF0001DC04 /* FilterTableViewController.storyboard */ = {isa = PBXFileReference; lastKnownFileType = file.storyboard; path = FilterTableViewController.storyboard; sourceTree = "<group>"; };
		3DBFD7641FAB67180001DC04 /* ListTableViewCell.h */ = {isa = PBXFileReference; lastKnownFileType = sourcecode.c.h; path = ListTableViewCell.h; sourceTree = "<group>"; };
		3DBFD7651FAB67180001DC04 /* ListTableViewCell.m */ = {isa = PBXFileReference; lastKnownFileType = sourcecode.c.objc; path = ListTableViewCell.m; sourceTree = "<group>"; };
		3DBFD7661FAB67180001DC04 /* ListTableViewCell.xib */ = {isa = PBXFileReference; lastKnownFileType = file.xib; path = ListTableViewCell.xib; sourceTree = "<group>"; };
		3DBFD76B1FAB8E3D0001DC04 /* TraditionalTableViewController.h */ = {isa = PBXFileReference; lastKnownFileType = sourcecode.c.h; path = TraditionalTableViewController.h; sourceTree = "<group>"; };
		3DBFD76C1FAB8E3D0001DC04 /* TraditionalTableViewController.m */ = {isa = PBXFileReference; lastKnownFileType = sourcecode.c.objc; path = TraditionalTableViewController.m; sourceTree = "<group>"; };
		3DBFD76E1FAB8E460001DC04 /* ActTableViewController.h */ = {isa = PBXFileReference; lastKnownFileType = sourcecode.c.h; path = ActTableViewController.h; sourceTree = "<group>"; };
		3DBFD76F1FAB8E460001DC04 /* ActTableViewController.m */ = {isa = PBXFileReference; lastKnownFileType = sourcecode.c.objc; path = ActTableViewController.m; sourceTree = "<group>"; };
		3DBFD7711FAB8E4E0001DC04 /* CouponTableViewController.h */ = {isa = PBXFileReference; lastKnownFileType = sourcecode.c.h; path = CouponTableViewController.h; sourceTree = "<group>"; };
		3DBFD7721FAB8E4E0001DC04 /* CouponTableViewController.m */ = {isa = PBXFileReference; lastKnownFileType = sourcecode.c.objc; path = CouponTableViewController.m; sourceTree = "<group>"; };
		3DBFD7751FAB8EA30001DC04 /* CCTabView.h */ = {isa = PBXFileReference; lastKnownFileType = sourcecode.c.h; path = CCTabView.h; sourceTree = "<group>"; };
		3DBFD7761FAB8EA30001DC04 /* CCTabView.m */ = {isa = PBXFileReference; lastKnownFileType = sourcecode.c.objc; path = CCTabView.m; sourceTree = "<group>"; };
		3DBFD7771FAB8EA30001DC04 /* CCTopTabCollectionViewCell.h */ = {isa = PBXFileReference; lastKnownFileType = sourcecode.c.h; path = CCTopTabCollectionViewCell.h; sourceTree = "<group>"; };
		3DBFD7781FAB8EA30001DC04 /* CCTopTabCollectionViewCell.m */ = {isa = PBXFileReference; lastKnownFileType = sourcecode.c.objc; path = CCTopTabCollectionViewCell.m; sourceTree = "<group>"; };
		3DBFD7791FAB8EA30001DC04 /* CCTopTabViewController.h */ = {isa = PBXFileReference; lastKnownFileType = sourcecode.c.h; path = CCTopTabViewController.h; sourceTree = "<group>"; };
		3DBFD77A1FAB8EA30001DC04 /* CCTopTabViewController.m */ = {isa = PBXFileReference; lastKnownFileType = sourcecode.c.objc; path = CCTopTabViewController.m; sourceTree = "<group>"; };
		3DBFD77B1FAB906D0001DC04 /* UIViewController+Property.m */ = {isa = PBXFileReference; lastKnownFileType = sourcecode.c.objc; path = "UIViewController+Property.m"; sourceTree = "<group>"; };
		3DBFD77C1FAB906D0001DC04 /* UIViewController+Property.h */ = {isa = PBXFileReference; lastKnownFileType = sourcecode.c.h; path = "UIViewController+Property.h"; sourceTree = "<group>"; };
		3DBFD7851FAB94200001DC04 /* TaskBaseTableViewController.h */ = {isa = PBXFileReference; lastKnownFileType = sourcecode.c.h; path = TaskBaseTableViewController.h; sourceTree = "<group>"; };
		3DBFD7861FAB94200001DC04 /* TaskBaseTableViewController.m */ = {isa = PBXFileReference; lastKnownFileType = sourcecode.c.objc; path = TaskBaseTableViewController.m; sourceTree = "<group>"; };
		52AFBAC91FAA0082000D2100 /* MessageViewController.h */ = {isa = PBXFileReference; lastKnownFileType = sourcecode.c.h; path = MessageViewController.h; sourceTree = "<group>"; };
		52AFBACA1FAA0082000D2100 /* MessageViewController.m */ = {isa = PBXFileReference; lastKnownFileType = sourcecode.c.objc; path = MessageViewController.m; sourceTree = "<group>"; };
		52E2AB811FA8890C00AECD4F /* geoSearching.app */ = {isa = PBXFileReference; explicitFileType = wrapper.application; includeInIndex = 0; path = geoSearching.app; sourceTree = BUILT_PRODUCTS_DIR; };
		52E2AB841FA8890C00AECD4F /* AppDelegate.h */ = {isa = PBXFileReference; lastKnownFileType = sourcecode.c.h; path = AppDelegate.h; sourceTree = "<group>"; };
		52E2AB851FA8890C00AECD4F /* AppDelegate.m */ = {isa = PBXFileReference; lastKnownFileType = sourcecode.c.objc; path = AppDelegate.m; sourceTree = "<group>"; };
		52E2AB871FA8890C00AECD4F /* ViewController.h */ = {isa = PBXFileReference; lastKnownFileType = sourcecode.c.h; path = ViewController.h; sourceTree = "<group>"; };
		52E2AB881FA8890C00AECD4F /* ViewController.m */ = {isa = PBXFileReference; lastKnownFileType = sourcecode.c.objc; path = ViewController.m; sourceTree = "<group>"; };
		52E2AB8B1FA8890C00AECD4F /* Base */ = {isa = PBXFileReference; lastKnownFileType = file.storyboard; name = Base; path = Base.lproj/Main.storyboard; sourceTree = "<group>"; };
		52E2AB8D1FA8890C00AECD4F /* Assets.xcassets */ = {isa = PBXFileReference; lastKnownFileType = folder.assetcatalog; path = Assets.xcassets; sourceTree = "<group>"; };
		52E2AB901FA8890C00AECD4F /* Base */ = {isa = PBXFileReference; lastKnownFileType = file.storyboard; name = Base; path = Base.lproj/LaunchScreen.storyboard; sourceTree = "<group>"; };
		52E2AB921FA8890C00AECD4F /* Info.plist */ = {isa = PBXFileReference; lastKnownFileType = text.plist.xml; path = Info.plist; sourceTree = "<group>"; };
		52E2AB931FA8890C00AECD4F /* main.m */ = {isa = PBXFileReference; lastKnownFileType = sourcecode.c.objc; path = main.m; sourceTree = "<group>"; };
		52E2AB9A1FA8958200AECD4F /* GeneticNavViewController.h */ = {isa = PBXFileReference; lastKnownFileType = sourcecode.c.h; path = GeneticNavViewController.h; sourceTree = "<group>"; };
		52E2AB9B1FA8958200AECD4F /* GeneticNavViewController.m */ = {isa = PBXFileReference; lastKnownFileType = sourcecode.c.objc; path = GeneticNavViewController.m; sourceTree = "<group>"; };
		52E2ABA21FA8B26C00AECD4F /* LocationInfoModel.h */ = {isa = PBXFileReference; lastKnownFileType = sourcecode.c.h; path = LocationInfoModel.h; sourceTree = "<group>"; };
		52E2ABA31FA8B26C00AECD4F /* LocationInfoModel.m */ = {isa = PBXFileReference; lastKnownFileType = sourcecode.c.objc; path = LocationInfoModel.m; sourceTree = "<group>"; };
		52E2ABAA1FA8B87800AECD4F /* LocationDetailTableViewCell.h */ = {isa = PBXFileReference; lastKnownFileType = sourcecode.c.h; path = LocationDetailTableViewCell.h; sourceTree = "<group>"; };
		52E2ABAB1FA8B87800AECD4F /* LocationDetailTableViewCell.m */ = {isa = PBXFileReference; lastKnownFileType = sourcecode.c.objc; path = LocationDetailTableViewCell.m; sourceTree = "<group>"; };
		52E2ABAC1FA8B87800AECD4F /* LocationDetailTableViewCell.xib */ = {isa = PBXFileReference; lastKnownFileType = file.xib; path = LocationDetailTableViewCell.xib; sourceTree = "<group>"; };
		52E2ABAF1FA8B95300AECD4F /* LocationDescriptionTableViewCell.h */ = {isa = PBXFileReference; lastKnownFileType = sourcecode.c.h; path = LocationDescriptionTableViewCell.h; sourceTree = "<group>"; };
		52E2ABB01FA8B95300AECD4F /* LocationDescriptionTableViewCell.m */ = {isa = PBXFileReference; lastKnownFileType = sourcecode.c.objc; path = LocationDescriptionTableViewCell.m; sourceTree = "<group>"; };
		52E2ABB11FA8B95300AECD4F /* LocationDescriptionTableViewCell.xib */ = {isa = PBXFileReference; lastKnownFileType = file.xib; path = LocationDescriptionTableViewCell.xib; sourceTree = "<group>"; };
		52E2ABB41FA8B9BA00AECD4F /* LocationPosterTableViewCell.h */ = {isa = PBXFileReference; lastKnownFileType = sourcecode.c.h; path = LocationPosterTableViewCell.h; sourceTree = "<group>"; };
		52E2ABB51FA8B9BA00AECD4F /* LocationPosterTableViewCell.m */ = {isa = PBXFileReference; lastKnownFileType = sourcecode.c.objc; path = LocationPosterTableViewCell.m; sourceTree = "<group>"; };
		52E2ABB61FA8B9BA00AECD4F /* LocationPosterTableViewCell.xib */ = {isa = PBXFileReference; lastKnownFileType = file.xib; path = LocationPosterTableViewCell.xib; sourceTree = "<group>"; };
		52E2ABB91FA8BE8900AECD4F /* QuartzCore.framework */ = {isa = PBXFileReference; lastKnownFileType = wrapper.framework; name = QuartzCore.framework; path = System/Library/Frameworks/QuartzCore.framework; sourceTree = SDKROOT; };
		AEE4057BAF92F64DB2A0E6BD /* Pods-geoSearching.release.xcconfig */ = {isa = PBXFileReference; includeInIndex = 1; lastKnownFileType = text.xcconfig; name = "Pods-geoSearching.release.xcconfig"; path = "Pods/Target Support Files/Pods-geoSearching/Pods-geoSearching.release.xcconfig"; sourceTree = "<group>"; };
		DCC86FC9040F07206ABAC730 /* libPods-geoSearching.a */ = {isa = PBXFileReference; explicitFileType = archive.ar; includeInIndex = 0; path = "libPods-geoSearching.a"; sourceTree = BUILT_PRODUCTS_DIR; };
/* End PBXFileReference section */

/* Begin PBXFrameworksBuildPhase section */
		52E2AB7E1FA8890C00AECD4F /* Frameworks */ = {
			isa = PBXFrameworksBuildPhase;
			buildActionMask = 2147483647;
			files = (
				ABF09240650398D4AD571581 /* libPods-geoSearching.a in Frameworks */,
			);
			runOnlyForDeploymentPostprocessing = 0;
		};
/* End PBXFrameworksBuildPhase section */

/* Begin PBXGroup section */
		3DBFD7521FAA326F0001DC04 /* Profile */ = {
			isa = PBXGroup;
			children = (
				3DBFD7571FAA32AD0001DC04 /* ProfileTableViewController.h */,
				3DBFD7581FAA32AD0001DC04 /* ProfileTableViewController.m */,
			);
			path = Profile;
			sourceTree = "<group>";
		};
		3DBFD7531FAA328C0001DC04 /* Discover */ = {
			isa = PBXGroup;
			children = (
				3DBFD7541FAA32A20001DC04 /* DiscoverTableViewController.h */,
				3DBFD7551FAA32A20001DC04 /* DiscoverTableViewController.m */,
				3DBFD7851FAB94200001DC04 /* TaskBaseTableViewController.h */,
				3DBFD7861FAB94200001DC04 /* TaskBaseTableViewController.m */,
				3DBFD76B1FAB8E3D0001DC04 /* TraditionalTableViewController.h */,
				3DBFD76C1FAB8E3D0001DC04 /* TraditionalTableViewController.m */,
				3DBFD76E1FAB8E460001DC04 /* ActTableViewController.h */,
				3DBFD76F1FAB8E460001DC04 /* ActTableViewController.m */,
				3DBFD7711FAB8E4E0001DC04 /* CouponTableViewController.h */,
				3DBFD7721FAB8E4E0001DC04 /* CouponTableViewController.m */,
			);
			path = Discover;
			sourceTree = "<group>";
		};
		3DBFD7741FAB8EA30001DC04 /* TopTabViewController */ = {
			isa = PBXGroup;
			children = (
				3DBFD7751FAB8EA30001DC04 /* CCTabView.h */,
				3DBFD7761FAB8EA30001DC04 /* CCTabView.m */,
				3DBFD7771FAB8EA30001DC04 /* CCTopTabCollectionViewCell.h */,
				3DBFD7781FAB8EA30001DC04 /* CCTopTabCollectionViewCell.m */,
				3DBFD7791FAB8EA30001DC04 /* CCTopTabViewController.h */,
				3DBFD77A1FAB8EA30001DC04 /* CCTopTabViewController.m */,
				3DBFD77C1FAB906D0001DC04 /* UIViewController+Property.h */,
				3DBFD77B1FAB906D0001DC04 /* UIViewController+Property.m */,
			);
			path = TopTabViewController;
			sourceTree = "<group>";
		};
		52AFBAC81FA9F763000D2100 /* Mesasge */ = {
			isa = PBXGroup;
			children = (
				52AFBAC91FAA0082000D2100 /* MessageViewController.h */,
				52AFBACA1FAA0082000D2100 /* MessageViewController.m */,
			);
			path = Mesasge;
			sourceTree = "<group>";
		};
		52E2AB781FA8890C00AECD4F = {
			isa = PBXGroup;
			children = (
				52E2AB831FA8890C00AECD4F /* geoSearching */,
				52E2AB821FA8890C00AECD4F /* Products */,
				EE44EBE3622FF0877E4E30C7 /* Pods */,
				FC9DAB9EB311616CED424001 /* Frameworks */,
			);
			sourceTree = "<group>";
		};
		52E2AB821FA8890C00AECD4F /* Products */ = {
			isa = PBXGroup;
			children = (
				52E2AB811FA8890C00AECD4F /* geoSearching.app */,
			);
			name = Products;
			sourceTree = "<group>";
		};
		52E2AB831FA8890C00AECD4F /* geoSearching */ = {
			isa = PBXGroup;
			children = (
				3DBFD7741FAB8EA30001DC04 /* TopTabViewController */,
				3DBFD7531FAA328C0001DC04 /* Discover */,
				3DBFD7521FAA326F0001DC04 /* Profile */,
				3D7FA4141FA8CEC200284D55 /* UIView+Frame.h */,
				3D7FA4151FA8CEC200284D55 /* UIView+Frame.m */,
				52E2AB841FA8890C00AECD4F /* AppDelegate.h */,
				52E2AB851FA8890C00AECD4F /* AppDelegate.m */,
				3D7FA4091FA8CADE00284D55 /* Constants.h */,
				3D7FA40A1FA8CADE00284D55 /* Constants.m */,
				52E2ABA11FA8B25400AECD4F /* Find */,
				52AFBAC81FA9F763000D2100 /* Mesasge */,
				52E2AB8A1FA8890C00AECD4F /* Main.storyboard */,
				52E2AB8D1FA8890C00AECD4F /* Assets.xcassets */,
				52E2AB8F1FA8890C00AECD4F /* LaunchScreen.storyboard */,
				52E2AB921FA8890C00AECD4F /* Info.plist */,
				52E2AB931FA8890C00AECD4F /* main.m */,
			);
			path = geoSearching;
			sourceTree = "<group>";
		};
		52E2AB9D1FA8B1BE00AECD4F /* Controllers */ = {
			isa = PBXGroup;
			children = (
				52E2AB871FA8890C00AECD4F /* ViewController.h */,
				52E2AB881FA8890C00AECD4F /* ViewController.m */,
				52E2AB9A1FA8958200AECD4F /* GeneticNavViewController.h */,
				52E2AB9B1FA8958200AECD4F /* GeneticNavViewController.m */,
				3DBFD75A1FAB56E30001DC04 /* SearchMainViewController.h */,
				3DBFD75B1FAB56E30001DC04 /* SearchMainViewController.m */,
				3DBFD75C1FAB56E30001DC04 /* SearchMainViewController.xib */,
				3DBFD75F1FAB5DC00001DC04 /* FilterTableViewController.h */,
				3DBFD7601FAB5DC00001DC04 /* FilterTableViewController.m */,
				3DBFD7621FAB5DCF0001DC04 /* FilterTableViewController.storyboard */,
			);
			path = Controllers;
			sourceTree = "<group>";
		};
		52E2AB9E1FA8B1D000AECD4F /* Views */ = {
			isa = PBXGroup;
			children = (
				3D7FA40F1FA8CC8900284D55 /* LocationDetailView.h */,
				3D7FA4101FA8CC8900284D55 /* LocationDetailView.m */,
				3D7FA4121FA8CCA500284D55 /* LocationDetailView.xib */,
				52E2ABAA1FA8B87800AECD4F /* LocationDetailTableViewCell.h */,
				52E2ABAB1FA8B87800AECD4F /* LocationDetailTableViewCell.m */,
				52E2ABAC1FA8B87800AECD4F /* LocationDetailTableViewCell.xib */,
				52E2ABAF1FA8B95300AECD4F /* LocationDescriptionTableViewCell.h */,
				52E2ABB01FA8B95300AECD4F /* LocationDescriptionTableViewCell.m */,
				52E2ABB11FA8B95300AECD4F /* LocationDescriptionTableViewCell.xib */,
				52E2ABB41FA8B9BA00AECD4F /* LocationPosterTableViewCell.h */,
				52E2ABB51FA8B9BA00AECD4F /* LocationPosterTableViewCell.m */,
				52E2ABB61FA8B9BA00AECD4F /* LocationPosterTableViewCell.xib */,
				3DBFD7641FAB67180001DC04 /* ListTableViewCell.h */,
				3DBFD7651FAB67180001DC04 /* ListTableViewCell.m */,
				3DBFD7661FAB67180001DC04 /* ListTableViewCell.xib */,
			);
			path = Views;
			sourceTree = "<group>";
		};
		52E2AB9F1FA8B24100AECD4F /* Model */ = {
			isa = PBXGroup;
			children = (
				52E2ABA21FA8B26C00AECD4F /* LocationInfoModel.h */,
				52E2ABA31FA8B26C00AECD4F /* LocationInfoModel.m */,
			);
			path = Model;
			sourceTree = "<group>";
		};
		52E2ABA11FA8B25400AECD4F /* Find */ = {
			isa = PBXGroup;
			children = (
				52E2AB9D1FA8B1BE00AECD4F /* Controllers */,
				52E2AB9F1FA8B24100AECD4F /* Model */,
				52E2AB9E1FA8B1D000AECD4F /* Views */,
			);
			path = Find;
			sourceTree = "<group>";
		};
		EE44EBE3622FF0877E4E30C7 /* Pods */ = {
			isa = PBXGroup;
			children = (
				0C7FDF871B0B7CC9B21EDF56 /* Pods-geoSearching.debug.xcconfig */,
				AEE4057BAF92F64DB2A0E6BD /* Pods-geoSearching.release.xcconfig */,
			);
			name = Pods;
			sourceTree = "<group>";
		};
		FC9DAB9EB311616CED424001 /* Frameworks */ = {
			isa = PBXGroup;
			children = (
				52E2ABB91FA8BE8900AECD4F /* QuartzCore.framework */,
				DCC86FC9040F07206ABAC730 /* libPods-geoSearching.a */,
			);
			name = Frameworks;
			sourceTree = "<group>";
		};
/* End PBXGroup section */

/* Begin PBXNativeTarget section */
		52E2AB801FA8890C00AECD4F /* geoSearching */ = {
			isa = PBXNativeTarget;
			buildConfigurationList = 52E2AB971FA8890C00AECD4F /* Build configuration list for PBXNativeTarget "geoSearching" */;
			buildPhases = (
				C7320E4A8F7DF0F0D9D568F2 /* [CP] Check Pods Manifest.lock */,
				52E2AB7D1FA8890C00AECD4F /* Sources */,
				52E2AB7E1FA8890C00AECD4F /* Frameworks */,
				52E2AB7F1FA8890C00AECD4F /* Resources */,
				7F65EFE0F7AF05CAFD514516 /* [CP] Embed Pods Frameworks */,
				5FE90562B1C467E2182569B0 /* [CP] Copy Pods Resources */,
			);
			buildRules = (
			);
			dependencies = (
			);
			name = geoSearching;
			productName = geoSearching;
			productReference = 52E2AB811FA8890C00AECD4F /* geoSearching.app */;
			productType = "com.apple.product-type.application";
		};
/* End PBXNativeTarget section */

/* Begin PBXProject section */
		52E2AB791FA8890C00AECD4F /* Project object */ = {
			isa = PBXProject;
			attributes = {
				LastUpgradeCheck = 0900;
				TargetAttributes = {
					52E2AB801FA8890C00AECD4F = {
						CreatedOnToolsVersion = 9.0;
						ProvisioningStyle = Automatic;
					};
				};
			};
			buildConfigurationList = 52E2AB7C1FA8890C00AECD4F /* Build configuration list for PBXProject "geoSearching" */;
			compatibilityVersion = "Xcode 8.0";
			developmentRegion = en;
			hasScannedForEncodings = 0;
			knownRegions = (
				en,
				Base,
			);
			mainGroup = 52E2AB781FA8890C00AECD4F;
			productRefGroup = 52E2AB821FA8890C00AECD4F /* Products */;
			projectDirPath = "";
			projectRoot = "";
			targets = (
				52E2AB801FA8890C00AECD4F /* geoSearching */,
			);
		};
/* End PBXProject section */

/* Begin PBXResourcesBuildPhase section */
		52E2AB7F1FA8890C00AECD4F /* Resources */ = {
			isa = PBXResourcesBuildPhase;
			buildActionMask = 2147483647;
			files = (
				52E2ABAE1FA8B87800AECD4F /* LocationDetailTableViewCell.xib in Resources */,
				52E2AB911FA8890C00AECD4F /* LaunchScreen.storyboard in Resources */,
				3DBFD7631FAB5DCF0001DC04 /* FilterTableViewController.storyboard in Resources */,
				52E2AB8E1FA8890C00AECD4F /* Assets.xcassets in Resources */,
				52E2AB8C1FA8890C00AECD4F /* Main.storyboard in Resources */,
				52E2ABB31FA8B95300AECD4F /* LocationDescriptionTableViewCell.xib in Resources */,
				3D7FA4131FA8CCA500284D55 /* LocationDetailView.xib in Resources */,
				52E2ABB81FA8B9BA00AECD4F /* LocationPosterTableViewCell.xib in Resources */,
				3DBFD75E1FAB56E30001DC04 /* SearchMainViewController.xib in Resources */,
				3DBFD7681FAB67180001DC04 /* ListTableViewCell.xib in Resources */,
			);
			runOnlyForDeploymentPostprocessing = 0;
		};
/* End PBXResourcesBuildPhase section */

/* Begin PBXShellScriptBuildPhase section */
		5FE90562B1C467E2182569B0 /* [CP] Copy Pods Resources */ = {
			isa = PBXShellScriptBuildPhase;
			buildActionMask = 2147483647;
			files = (
			);
			inputPaths = (
			);
			name = "[CP] Copy Pods Resources";
			outputPaths = (
			);
			runOnlyForDeploymentPostprocessing = 0;
			shellPath = /bin/sh;
			shellScript = "\"${SRCROOT}/Pods/Target Support Files/Pods-geoSearching/Pods-geoSearching-resources.sh\"\n";
			showEnvVarsInLog = 0;
		};
		7F65EFE0F7AF05CAFD514516 /* [CP] Embed Pods Frameworks */ = {
			isa = PBXShellScriptBuildPhase;
			buildActionMask = 2147483647;
			files = (
			);
			inputPaths = (
			);
			name = "[CP] Embed Pods Frameworks";
			outputPaths = (
			);
			runOnlyForDeploymentPostprocessing = 0;
			shellPath = /bin/sh;
			shellScript = "\"${SRCROOT}/Pods/Target Support Files/Pods-geoSearching/Pods-geoSearching-frameworks.sh\"\n";
			showEnvVarsInLog = 0;
		};
		C7320E4A8F7DF0F0D9D568F2 /* [CP] Check Pods Manifest.lock */ = {
			isa = PBXShellScriptBuildPhase;
			buildActionMask = 2147483647;
			files = (
			);
			inputPaths = (
			);
			name = "[CP] Check Pods Manifest.lock";
			outputPaths = (
			);
			runOnlyForDeploymentPostprocessing = 0;
			shellPath = /bin/sh;
			shellScript = "diff \"${PODS_ROOT}/../Podfile.lock\" \"${PODS_ROOT}/Manifest.lock\" > /dev/null\nif [ $? != 0 ] ; then\n    # print error to STDERR\n    echo \"error: The sandbox is not in sync with the Podfile.lock. Run 'pod install' or update your CocoaPods installation.\" >&2\n    exit 1\nfi\n";
			showEnvVarsInLog = 0;
		};
/* End PBXShellScriptBuildPhase section */

/* Begin PBXSourcesBuildPhase section */
		52E2AB7D1FA8890C00AECD4F /* Sources */ = {
			isa = PBXSourcesBuildPhase;
			buildActionMask = 2147483647;
			files = (
				3DBFD77D1FAB90E70001DC04 /* CCTabView.h in Sources */,
				3DBFD77E1FAB90E70001DC04 /* CCTabView.m in Sources */,
				3DBFD77F1FAB90E70001DC04 /* CCTopTabCollectionViewCell.h in Sources */,
				3DBFD7801FAB90E70001DC04 /* CCTopTabCollectionViewCell.m in Sources */,
				3DBFD7811FAB90E70001DC04 /* CCTopTabViewController.h in Sources */,
				3DBFD7821FAB90E70001DC04 /* CCTopTabViewController.m in Sources */,
				3DBFD7831FAB90E70001DC04 /* UIViewController+Property.h in Sources */,
				3DBFD7841FAB90E70001DC04 /* UIViewController+Property.m in Sources */,
				3D7FA4161FA8CEC200284D55 /* UIView+Frame.m in Sources */,
				3DBFD7671FAB67180001DC04 /* ListTableViewCell.m in Sources */,
				52E2ABAD1FA8B87800AECD4F /* LocationDetailTableViewCell.m in Sources */,
				52E2ABB71FA8B9BA00AECD4F /* LocationPosterTableViewCell.m in Sources */,
				3DBFD7871FAB94200001DC04 /* TaskBaseTableViewController.m in Sources */,
				3DBFD7611FAB5DC00001DC04 /* FilterTableViewController.m in Sources */,
				3DBFD7591FAA32AD0001DC04 /* ProfileTableViewController.m in Sources */,
				52E2ABB21FA8B95300AECD4F /* LocationDescriptionTableViewCell.m in Sources */,
				3DBFD7701FAB8E460001DC04 /* ActTableViewController.m in Sources */,
				52E2AB9C1FA8958200AECD4F /* GeneticNavViewController.m in Sources */,
				3DBFD7731FAB8E4E0001DC04 /* CouponTableViewController.m in Sources */,
				3DBFD7561FAA32A20001DC04 /* DiscoverTableViewController.m in Sources */,
				3D7FA4111FA8CC8900284D55 /* LocationDetailView.m in Sources */,
				52AFBACB1FAA0083000D2100 /* MessageViewController.m in Sources */,
				3D7FA40B1FA8CADE00284D55 /* Constants.m in Sources */,
				3DBFD75D1FAB56E30001DC04 /* SearchMainViewController.m in Sources */,
				52E2ABA41FA8B26C00AECD4F /* LocationInfoModel.m in Sources */,
				52E2AB891FA8890C00AECD4F /* ViewController.m in Sources */,
				52E2AB941FA8890C00AECD4F /* main.m in Sources */,
				3DBFD76D1FAB8E3E0001DC04 /* TraditionalTableViewController.m in Sources */,
				52E2AB861FA8890C00AECD4F /* AppDelegate.m in Sources */,
			);
			runOnlyForDeploymentPostprocessing = 0;
		};
/* End PBXSourcesBuildPhase section */

/* Begin PBXVariantGroup section */
		52E2AB8A1FA8890C00AECD4F /* Main.storyboard */ = {
			isa = PBXVariantGroup;
			children = (
				52E2AB8B1FA8890C00AECD4F /* Base */,
			);
			name = Main.storyboard;
			sourceTree = "<group>";
		};
		52E2AB8F1FA8890C00AECD4F /* LaunchScreen.storyboard */ = {
			isa = PBXVariantGroup;
			children = (
				52E2AB901FA8890C00AECD4F /* Base */,
			);
			name = LaunchScreen.storyboard;
			sourceTree = "<group>";
		};
/* End PBXVariantGroup section */

/* Begin XCBuildConfiguration section */
		52E2AB951FA8890C00AECD4F /* Debug */ = {
			isa = XCBuildConfiguration;
			buildSettings = {
				ALWAYS_SEARCH_USER_PATHS = NO;
				CLANG_ANALYZER_NONNULL = YES;
				CLANG_ANALYZER_NUMBER_OBJECT_CONVERSION = YES_AGGRESSIVE;
				CLANG_CXX_LANGUAGE_STANDARD = "gnu++14";
				CLANG_CXX_LIBRARY = "libc++";
				CLANG_ENABLE_MODULES = YES;
				CLANG_ENABLE_OBJC_ARC = YES;
				CLANG_WARN_BLOCK_CAPTURE_AUTORELEASING = YES;
				CLANG_WARN_BOOL_CONVERSION = YES;
				CLANG_WARN_COMMA = YES;
				CLANG_WARN_CONSTANT_CONVERSION = YES;
				CLANG_WARN_DIRECT_OBJC_ISA_USAGE = YES_ERROR;
				CLANG_WARN_DOCUMENTATION_COMMENTS = YES;
				CLANG_WARN_EMPTY_BODY = YES;
				CLANG_WARN_ENUM_CONVERSION = YES;
				CLANG_WARN_INFINITE_RECURSION = YES;
				CLANG_WARN_INT_CONVERSION = YES;
				CLANG_WARN_NON_LITERAL_NULL_CONVERSION = YES;
				CLANG_WARN_OBJC_LITERAL_CONVERSION = YES;
				CLANG_WARN_OBJC_ROOT_CLASS = YES_ERROR;
				CLANG_WARN_RANGE_LOOP_ANALYSIS = YES;
				CLANG_WARN_STRICT_PROTOTYPES = YES;
				CLANG_WARN_SUSPICIOUS_MOVE = YES;
				CLANG_WARN_UNGUARDED_AVAILABILITY = YES_AGGRESSIVE;
				CLANG_WARN_UNREACHABLE_CODE = YES;
				CLANG_WARN__DUPLICATE_METHOD_MATCH = YES;
				CODE_SIGN_IDENTITY = "iPhone Developer";
				COPY_PHASE_STRIP = NO;
				DEBUG_INFORMATION_FORMAT = dwarf;
				ENABLE_STRICT_OBJC_MSGSEND = YES;
				ENABLE_TESTABILITY = YES;
				GCC_C_LANGUAGE_STANDARD = gnu11;
				GCC_DYNAMIC_NO_PIC = NO;
				GCC_NO_COMMON_BLOCKS = YES;
				GCC_OPTIMIZATION_LEVEL = 0;
				GCC_PREPROCESSOR_DEFINITIONS = (
					"DEBUG=1",
					"$(inherited)",
				);
				GCC_WARN_64_TO_32_BIT_CONVERSION = YES;
				GCC_WARN_ABOUT_RETURN_TYPE = YES_ERROR;
				GCC_WARN_UNDECLARED_SELECTOR = YES;
				GCC_WARN_UNINITIALIZED_AUTOS = YES_AGGRESSIVE;
				GCC_WARN_UNUSED_FUNCTION = YES;
				GCC_WARN_UNUSED_VARIABLE = YES;
				IPHONEOS_DEPLOYMENT_TARGET = 11.0;
				MTL_ENABLE_DEBUG_INFO = YES;
				ONLY_ACTIVE_ARCH = YES;
				SDKROOT = iphoneos;
			};
			name = Debug;
		};
		52E2AB961FA8890C00AECD4F /* Release */ = {
			isa = XCBuildConfiguration;
			buildSettings = {
				ALWAYS_SEARCH_USER_PATHS = NO;
				CLANG_ANALYZER_NONNULL = YES;
				CLANG_ANALYZER_NUMBER_OBJECT_CONVERSION = YES_AGGRESSIVE;
				CLANG_CXX_LANGUAGE_STANDARD = "gnu++14";
				CLANG_CXX_LIBRARY = "libc++";
				CLANG_ENABLE_MODULES = YES;
				CLANG_ENABLE_OBJC_ARC = YES;
				CLANG_WARN_BLOCK_CAPTURE_AUTORELEASING = YES;
				CLANG_WARN_BOOL_CONVERSION = YES;
				CLANG_WARN_COMMA = YES;
				CLANG_WARN_CONSTANT_CONVERSION = YES;
				CLANG_WARN_DIRECT_OBJC_ISA_USAGE = YES_ERROR;
				CLANG_WARN_DOCUMENTATION_COMMENTS = YES;
				CLANG_WARN_EMPTY_BODY = YES;
				CLANG_WARN_ENUM_CONVERSION = YES;
				CLANG_WARN_INFINITE_RECURSION = YES;
				CLANG_WARN_INT_CONVERSION = YES;
				CLANG_WARN_NON_LITERAL_NULL_CONVERSION = YES;
				CLANG_WARN_OBJC_LITERAL_CONVERSION = YES;
				CLANG_WARN_OBJC_ROOT_CLASS = YES_ERROR;
				CLANG_WARN_RANGE_LOOP_ANALYSIS = YES;
				CLANG_WARN_STRICT_PROTOTYPES = YES;
				CLANG_WARN_SUSPICIOUS_MOVE = YES;
				CLANG_WARN_UNGUARDED_AVAILABILITY = YES_AGGRESSIVE;
				CLANG_WARN_UNREACHABLE_CODE = YES;
				CLANG_WARN__DUPLICATE_METHOD_MATCH = YES;
				CODE_SIGN_IDENTITY = "iPhone Developer";
				COPY_PHASE_STRIP = NO;
				DEBUG_INFORMATION_FORMAT = "dwarf-with-dsym";
				ENABLE_NS_ASSERTIONS = NO;
				ENABLE_STRICT_OBJC_MSGSEND = YES;
				GCC_C_LANGUAGE_STANDARD = gnu11;
				GCC_NO_COMMON_BLOCKS = YES;
				GCC_WARN_64_TO_32_BIT_CONVERSION = YES;
				GCC_WARN_ABOUT_RETURN_TYPE = YES_ERROR;
				GCC_WARN_UNDECLARED_SELECTOR = YES;
				GCC_WARN_UNINITIALIZED_AUTOS = YES_AGGRESSIVE;
				GCC_WARN_UNUSED_FUNCTION = YES;
				GCC_WARN_UNUSED_VARIABLE = YES;
				IPHONEOS_DEPLOYMENT_TARGET = 11.0;
				MTL_ENABLE_DEBUG_INFO = NO;
				SDKROOT = iphoneos;
				VALIDATE_PRODUCT = YES;
			};
			name = Release;
		};
		52E2AB981FA8890C00AECD4F /* Debug */ = {
			isa = XCBuildConfiguration;
			baseConfigurationReference = 0C7FDF871B0B7CC9B21EDF56 /* Pods-geoSearching.debug.xcconfig */;
			buildSettings = {
				ASSETCATALOG_COMPILER_APPICON_NAME = AppIcon;
				CODE_SIGN_STYLE = Automatic;
				DEVELOPMENT_TEAM = 4GZR2TYHP5;
				INFOPLIST_FILE = geoSearching/Info.plist;
				IPHONEOS_DEPLOYMENT_TARGET = 10.0;
				LD_RUNPATH_SEARCH_PATHS = "$(inherited) @executable_path/Frameworks";
				PRODUCT_BUNDLE_IDENTIFIER = cn.qtec.geoSearchingTest;
				PRODUCT_NAME = "$(TARGET_NAME)";
				TARGETED_DEVICE_FAMILY = "1,2";
			};
			name = Debug;
		};
		52E2AB991FA8890C00AECD4F /* Release */ = {
			isa = XCBuildConfiguration;
			baseConfigurationReference = AEE4057BAF92F64DB2A0E6BD /* Pods-geoSearching.release.xcconfig */;
			buildSettings = {
				ASSETCATALOG_COMPILER_APPICON_NAME = AppIcon;
				CODE_SIGN_STYLE = Automatic;
				DEVELOPMENT_TEAM = 4GZR2TYHP5;
				INFOPLIST_FILE = geoSearching/Info.plist;
				IPHONEOS_DEPLOYMENT_TARGET = 10.0;
				LD_RUNPATH_SEARCH_PATHS = "$(inherited) @executable_path/Frameworks";
				PRODUCT_BUNDLE_IDENTIFIER = cn.qtec.geoSearchingTest;
				PRODUCT_NAME = "$(TARGET_NAME)";
				TARGETED_DEVICE_FAMILY = "1,2";
			};
			name = Release;
		};
/* End XCBuildConfiguration section */

/* Begin XCConfigurationList section */
		52E2AB7C1FA8890C00AECD4F /* Build configuration list for PBXProject "geoSearching" */ = {
			isa = XCConfigurationList;
			buildConfigurations = (
				52E2AB951FA8890C00AECD4F /* Debug */,
				52E2AB961FA8890C00AECD4F /* Release */,
			);
			defaultConfigurationIsVisible = 0;
			defaultConfigurationName = Release;
		};
		52E2AB971FA8890C00AECD4F /* Build configuration list for PBXNativeTarget "geoSearching" */ = {
			isa = XCConfigurationList;
			buildConfigurations = (
				52E2AB981FA8890C00AECD4F /* Debug */,
				52E2AB991FA8890C00AECD4F /* Release */,
			);
			defaultConfigurationIsVisible = 0;
			defaultConfigurationName = Release;
		};
/* End XCConfigurationList section */
	};
	rootObject = 52E2AB791FA8890C00AECD4F /* Project object */;
}
